
Microsoft Visual Studio Solution File, Format Version 12.00
# Visual Studio Version 16
VisualStudioVersion = 16.0.33529.622
MinimumVisualStudioVersion = 10.0.40219.1
Project("{FAE04EC0-301F-11D3-BF4B-00C04F79EFBC}") = "React50", "React50\React50.csproj", "{CB0A89B1-A5BA-461C-8D96-D7E21526D7FB}"
EndProject
Global
	GlobalSection(SolutionConfigurationPlatforms) = preSolution
		Debug|Any CPU = Debug|Any CPU
		Release|Any CPU = Release|Any CPU
	EndGlobalSection
	GlobalSection(ProjectConfigurationPlatforms) = postSolution
		{CB0A89B1-A5BA-461C-8D96-D7E21526D7FB}.Debug|Any CPU.ActiveCfg = Debug|Any CPU
		{CB0A89B1-A5BA-461C-8D96-D7E21526D7FB}.Debug|Any CPU.Build.0 = Debug|Any CPU
		{CB0A89B1-A5BA-461C-8D96-D7E21526D7FB}.Release|Any CPU.ActiveCfg = Release|Any CPU
		{CB0A89B1-A5BA-461C-8D96-D7E21526D7FB}.Release|Any CPU.Build.0 = Release|Any CPU
	EndGlobalSection
	GlobalSection(SolutionProperties) = preSolution
		HideSolutionNode = FALSE
	EndGlobalSection
	GlobalSection(ExtensibilityGlobals) = postSolution
		SolutionGuid = {20A435DC-688D-47F2-9BD7-D89E40665522}
	EndGlobalSection
EndGlobal
